
Microsoft Visual Studio Solution File, Format Version 12.00
# Visual Studio Version 17
VisualStudioVersion = 17.6.33829.357
MinimumVisualStudioVersion = 10.0.40219.1
Project("{FAE04EC0-301F-11D3-BF4B-00C04F79EFBC}") = "PasswordKata", "PasswordKata\PasswordKata.csproj", "{250DF438-138B-46D2-AE76-9E496A3EC945}"
EndProject
Project("{FAE04EC0-301F-11D3-BF4B-00C04F79EFBC}") = "PasswordKata.Tests", "PasswordKata.Tests\PasswordKata.Tests.csproj", "{80D0EA3C-0930-4394-88A3-F70D87BF4EB3}"
EndProject
Global
	GlobalSection(SolutionConfigurationPlatforms) = preSolution
		Debug|Any CPU = Debug|Any CPU
		Release|Any CPU = Release|Any CPU
	EndGlobalSection
	GlobalSection(ProjectConfigurationPlatforms) = postSolution
		{250DF438-138B-46D2-AE76-9E496A3EC945}.Debug|Any CPU.ActiveCfg = Debug|Any CPU
		{250DF438-138B-46D2-AE76-9E496A3EC945}.Debug|Any CPU.Build.0 = Debug|Any CPU
		{250DF438-138B-46D2-AE76-9E496A3EC945}.Release|Any CPU.ActiveCfg = Release|Any CPU
		{250DF438-138B-46D2-AE76-9E496A3EC945}.Release|Any CPU.Build.0 = Release|Any CPU
		{80D0EA3C-0930-4394-88A3-F70D87BF4EB3}.Debug|Any CPU.ActiveCfg = Debug|Any CPU
		{80D0EA3C-0930-4394-88A3-F70D87BF4EB3}.Debug|Any CPU.Build.0 = Debug|Any CPU
		{80D0EA3C-0930-4394-88A3-F70D87BF4EB3}.Release|Any CPU.ActiveCfg = Release|Any CPU
		{80D0EA3C-0930-4394-88A3-F70D87BF4EB3}.Release|Any CPU.Build.0 = Release|Any CPU
	EndGlobalSection
	GlobalSection(SolutionProperties) = preSolution
		HideSolutionNode = FALSE
	EndGlobalSection
	GlobalSection(ExtensibilityGlobals) = postSolution
		SolutionGuid = {FC6E50DD-3470-4890-892F-D1DB815ACEE5}
	EndGlobalSection
EndGlobal
